Microsoft Visual Studio Solution File, Format Version 12.00
# Visual Studio Version 17
VisualStudioVersion = 17.5.2.0
MinimumVisualStudioVersion = 10.0.40219.1
Project("{FAE04EC0-301F-11D3-BF4B-00C04F79EFBC}") = "FutebolManager", "FutebolManager.csproj", "{9DDB89AA-0134-0AF1-F103-2DF897614CEA}"
EndProject
Global
	GlobalSection(SolutionConfigurationPlatforms) = preSolution
		Debug|Any CPU = Debug|Any CPU
		Release|Any CPU = Release|Any CPU
	EndGlobalSection
	GlobalSection(ProjectConfigurationPlatforms) = postSolution
		{9DDB89AA-0134-0AF1-F103-2DF897614CEA}.Debug|Any CPU.ActiveCfg = Debug|Any CPU
		{9DDB89AA-0134-0AF1-F103-2DF897614CEA}.Debug|Any CPU.Build.0 = Debug|Any CPU
		{9DDB89AA-0134-0AF1-F103-2DF897614CEA}.Release|Any CPU.ActiveCfg = Release|Any CPU
		{9DDB89AA-0134-0AF1-F103-2DF897614CEA}.Release|Any CPU.Build.0 = Release|Any CPU
	EndGlobalSection
	GlobalSection(SolutionProperties) = preSolution
		HideSolutionNode = FALSE
	EndGlobalSection
	GlobalSection(ExtensibilityGlobals) = postSolution
		SolutionGuid = {34AB24CE-F34B-4060-8DE7-67D5A93FE171}
	EndGlobalSection
EndGlobal
